
Microsoft Visual Studio Solution File, Format Version 12.00
# Visual Studio Version 17
VisualStudioVersion = 17.5.002.0
MinimumVisualStudioVersion = 10.0.40219.1
Project("{9A19103F-16F7-4668-BE54-9A1E7A4F7556}") = "DiabetesGestacional", "DiabetesGestacional.csproj", "{BFB61413-8A15-4AF0-BA05-2957524D108F}"
EndProject
Global
	GlobalSection(SolutionConfigurationPlatforms) = preSolution
		Debug|Any CPU = Debug|Any CPU
		Release|Any CPU = Release|Any CPU
	EndGlobalSection
	GlobalSection(ProjectConfigurationPlatforms) = postSolution
		{BFB61413-8A15-4AF0-BA05-2957524D108F}.Debug|Any CPU.ActiveCfg = Debug|Any CPU
		{BFB61413-8A15-4AF0-BA05-2957524D108F}.Debug|Any CPU.Build.0 = Debug|Any CPU
		{BFB61413-8A15-4AF0-BA05-2957524D108F}.Release|Any CPU.ActiveCfg = Release|Any CPU
		{BFB61413-8A15-4AF0-BA05-2957524D108F}.Release|Any CPU.Build.0 = Release|Any CPU
	EndGlobalSection
	GlobalSection(SolutionProperties) = preSolution
		HideSolutionNode = FALSE
	EndGlobalSection
	GlobalSection(ExtensibilityGlobals) = postSolution
		SolutionGuid = {064EA8D0-202C-4827-A611-22F2552DBE06}
	EndGlobalSection
EndGlobal
